
Microsoft Visual Studio Solution File, Format Version 12.00
# Visual Studio Version 17
VisualStudioVersion = 17.8.34330.188
MinimumVisualStudioVersion = 10.0.40219.1
Project("{FAE04EC0-301F-11D3-BF4B-00C04F79EFBC}") = "DataMaskingWithStrings", "DataMaskingWithStrings\DataMaskingWithStrings.csproj", "{EEF743CA-D51B-4A36-BC85-0969954FA691}"
EndProject
Global
	GlobalSection(SolutionConfigurationPlatforms) = preSolution
		Debug|Any CPU = Debug|Any CPU
		Release|Any CPU = Release|Any CPU
	EndGlobalSection
	GlobalSection(ProjectConfigurationPlatforms) = postSolution
		{EEF743CA-D51B-4A36-BC85-0969954FA691}.Debug|Any CPU.ActiveCfg = Debug|Any CPU
		{EEF743CA-D51B-4A36-BC85-0969954FA691}.Debug|Any CPU.Build.0 = Debug|Any CPU
		{EEF743CA-D51B-4A36-BC85-0969954FA691}.Release|Any CPU.ActiveCfg = Release|Any CPU
		{EEF743CA-D51B-4A36-BC85-0969954FA691}.Release|Any CPU.Build.0 = Release|Any CPU
	EndGlobalSection
	GlobalSection(SolutionProperties) = preSolution
		HideSolutionNode = FALSE
	EndGlobalSection
	GlobalSection(ExtensibilityGlobals) = postSolution
		SolutionGuid = {6A4247A4-20EC-4DA8-ABE2-8E021CEC277E}
	EndGlobalSection
EndGlobal
