
Microsoft Visual Studio Solution File, Format Version 12.00
# Visual Studio Version 17
VisualStudioVersion = 17.8.34330.188
MinimumVisualStudioVersion = 10.0.40219.1
Project("{FAE04EC0-301F-11D3-BF4B-00C04F79EFBC}") = "StringDateTimeMathPactrice", "StringDateTimeMathPactrice\StringDateTimeMathPactrice.csproj", "{EC83C6FC-6CE9-4E28-8154-7F1EF4AD5771}"
EndProject
Global
	GlobalSection(SolutionConfigurationPlatforms) = preSolution
		Debug|Any CPU = Debug|Any CPU
		Release|Any CPU = Release|Any CPU
	EndGlobalSection
	GlobalSection(ProjectConfigurationPlatforms) = postSolution
		{EC83C6FC-6CE9-4E28-8154-7F1EF4AD5771}.Debug|Any CPU.ActiveCfg = Debug|Any CPU
		{EC83C6FC-6CE9-4E28-8154-7F1EF4AD5771}.Debug|Any CPU.Build.0 = Debug|Any CPU
		{EC83C6FC-6CE9-4E28-8154-7F1EF4AD5771}.Release|Any CPU.ActiveCfg = Release|Any CPU
		{EC83C6FC-6CE9-4E28-8154-7F1EF4AD5771}.Release|Any CPU.Build.0 = Release|Any CPU
	EndGlobalSection
	GlobalSection(SolutionProperties) = preSolution
		HideSolutionNode = FALSE
	EndGlobalSection
	GlobalSection(ExtensibilityGlobals) = postSolution
		SolutionGuid = {AC294CD1-0FA7-4DF4-9F33-49E6034BC24A}
	EndGlobalSection
EndGlobal
