
Microsoft Visual Studio Solution File, Format Version 12.00
# Visual Studio Version 17
VisualStudioVersion = 17.5.33516.290
MinimumVisualStudioVersion = 10.0.40219.1
Project("{FAE04EC0-301F-11D3-BF4B-00C04F79EFBC}") = "Assignments", "Assignments.csproj", "{1555A56F-1EBC-456D-AB93-3E9BEC97E639}"
EndProject
Project("{FAE04EC0-301F-11D3-BF4B-00C04F79EFBC}") = "ClassLibrary", "..\ClassLibrary\ClassLibrary.csproj", "{7BED6964-D20E-4C9B-AD04-6D94D271E4B8}"
EndProject
Global
	GlobalSection(SolutionConfigurationPlatforms) = preSolution
		Debug|Any CPU = Debug|Any CPU
		Release|Any CPU = Release|Any CPU
	EndGlobalSection
	GlobalSection(ProjectConfigurationPlatforms) = postSolution
		{1555A56F-1EBC-456D-AB93-3E9BEC97E639}.Debug|Any CPU.ActiveCfg = Debug|Any CPU
		{1555A56F-1EBC-456D-AB93-3E9BEC97E639}.Debug|Any CPU.Build.0 = Debug|Any CPU
		{1555A56F-1EBC-456D-AB93-3E9BEC97E639}.Release|Any CPU.ActiveCfg = Release|Any CPU
		{1555A56F-1EBC-456D-AB93-3E9BEC97E639}.Release|Any CPU.Build.0 = Release|Any CPU
		{7BED6964-D20E-4C9B-AD04-6D94D271E4B8}.Debug|Any CPU.ActiveCfg = Debug|Any CPU
		{7BED6964-D20E-4C9B-AD04-6D94D271E4B8}.Debug|Any CPU.Build.0 = Debug|Any CPU
		{7BED6964-D20E-4C9B-AD04-6D94D271E4B8}.Release|Any CPU.ActiveCfg = Release|Any CPU
		{7BED6964-D20E-4C9B-AD04-6D94D271E4B8}.Release|Any CPU.Build.0 = Release|Any CPU
	EndGlobalSection
	GlobalSection(SolutionProperties) = preSolution
		HideSolutionNode = FALSE
	EndGlobalSection
	GlobalSection(ExtensibilityGlobals) = postSolution
		SolutionGuid = {DCBE2067-0943-4B16-9BC1-56B542B9BFAA}
	EndGlobalSection
EndGlobal
