
Microsoft Visual Studio Solution File, Format Version 12.00
# Visual Studio Version 17
VisualStudioVersion = 17.8.34330.188
MinimumVisualStudioVersion = 10.0.40219.1
Project("{FAE04EC0-301F-11D3-BF4B-00C04F79EFBC}") = "LinqTask", "LinqTask\LinqTask.csproj", "{F9E81606-BF39-4847-9A6F-1D6496476837}"
EndProject
Global
	GlobalSection(SolutionConfigurationPlatforms) = preSolution
		Debug|Any CPU = Debug|Any CPU
		Release|Any CPU = Release|Any CPU
	EndGlobalSection
	GlobalSection(ProjectConfigurationPlatforms) = postSolution
		{F9E81606-BF39-4847-9A6F-1D6496476837}.Debug|Any CPU.ActiveCfg = Debug|Any CPU
		{F9E81606-BF39-4847-9A6F-1D6496476837}.Debug|Any CPU.Build.0 = Debug|Any CPU
		{F9E81606-BF39-4847-9A6F-1D6496476837}.Release|Any CPU.ActiveCfg = Release|Any CPU
		{F9E81606-BF39-4847-9A6F-1D6496476837}.Release|Any CPU.Build.0 = Release|Any CPU
	EndGlobalSection
	GlobalSection(SolutionProperties) = preSolution
		HideSolutionNode = FALSE
	EndGlobalSection
	GlobalSection(ExtensibilityGlobals) = postSolution
		SolutionGuid = {2B324924-9223-4AF0-8FE0-9F8273C19679}
	EndGlobalSection
EndGlobal
